// !$*UTF8*$!
{
	archiveVersion = 1;
	classes = {
	};
	objectVersion = 46;
	objects = {

/* Begin PBXBuildFile section */
		8459648F1F565FD000546D54 /* SEFilterControl.m in Sources */ = {isa = PBXBuildFile; fileRef = 8459648C1F565FD000546D54 /* SEFilterControl.m */; };
		845964921F56607E00546D54 /* timg-2.jpeg in Resources */ = {isa = PBXBuildFile; fileRef = 845964911F56607E00546D54 /* timg-2.jpeg */; };
		8459B5FE1F4EA35800CEAE67 /* main.m in Sources */ = {isa = PBXBuildFile; fileRef = 8459B5FD1F4EA35800CEAE67 /* main.m */; };
		8459B6011F4EA35800CEAE67 /* AppDelegate.m in Sources */ = {isa = PBXBuildFile; fileRef = 8459B6001F4EA35800CEAE67 /* AppDelegate.m */; };
		8459B6041F4EA35800CEAE67 /* ViewController.m in Sources */ = {isa = PBXBuildFile; fileRef = 8459B6031F4EA35800CEAE67 /* ViewController.m */; };
		8459B6071F4EA35900CEAE67 /* Main.storyboard in Resources */ = {isa = PBXBuildFile; fileRef = 8459B6051F4EA35900CEAE67 /* Main.storyboard */; };
		8459B6091F4EA35900CEAE67 /* Assets.xcassets in Resources */ = {isa = PBXBuildFile; fileRef = 8459B6081F4EA35900CEAE67 /* Assets.xcassets */; };
		8459B60C1F4EA35900CEAE67 /* LaunchScreen.storyboard in Resources */ = {isa = PBXBuildFile; fileRef = 8459B60A1F4EA35900CEAE67 /* LaunchScreen.storyboard */; };
		8459B6171F4EA35900CEAE67 /* SlideBarTests.m in Sources */ = {isa = PBXBuildFile; fileRef = 8459B6161F4EA35900CEAE67 /* SlideBarTests.m */; };
		8459B6221F4EA35900CEAE67 /* SlideBarUITests.m in Sources */ = {isa = PBXBuildFile; fileRef = 8459B6211F4EA35900CEAE67 /* SlideBarUITests.m */; };
/* End PBXBuildFile section */

/* Begin PBXContainerItemProxy section */
		8459B6131F4EA35900CEAE67 /* PBXContainerItemProxy */ = {
			isa = PBXContainerItemProxy;
			containerPortal = 8459B5F11F4EA35800CEAE67 /* Project object */;
			proxyType = 1;
			remoteGlobalIDString = 8459B5F81F4EA35800CEAE67;
			remoteInfo = SlideBar;
		};
		8459B61E1F4EA35900CEAE67 /* PBXContainerItemProxy */ = {
			isa = PBXContainerItemProxy;
			containerPortal = 8459B5F11F4EA35800CEAE67 /* Project object */;
			proxyType = 1;
			remoteGlobalIDString = 8459B5F81F4EA35800CEAE67;
			remoteInfo = SlideBar;
		};
/* End PBXContainerItemProxy section */

/* Begin PBXFileReference section */
		8459648B1F565FD000546D54 /* SEFilterControl.h */ = {isa = PBXFileReference; fileEncoding = 4; lastKnownFileType = sourcecode.c.h; path = SEFilterControl.h; sourceTree = "<group>"; };
		8459648C1F565FD000546D54 /* SEFilterControl.m */ = {isa = PBXFileReference; fileEncoding = 4; lastKnownFileType = sourcecode.c.objc; path = SEFilterControl.m; sourceTree = "<group>"; };
		845964911F56607E00546D54 /* timg-2.jpeg */ = {isa = PBXFileReference; lastKnownFileType = image.jpeg; path = "timg-2.jpeg"; sourceTree = "<group>"; };
		8459B5F91F4EA35800CEAE67 /* SlideBar.app */ = {isa = PBXFileReference; explicitFileType = wrapper.application; includeInIndex = 0; path = SlideBar.app; sourceTree = BUILT_PRODUCTS_DIR; };
		8459B5FD1F4EA35800CEAE67 /* main.m */ = {isa = PBXFileReference; lastKnownFileType = sourcecode.c.objc; path = main.m; sourceTree = "<group>"; };
		8459B5FF1F4EA35800CEAE67 /* AppDelegate.h */ = {isa = PBXFileReference; lastKnownFileType = sourcecode.c.h; path = AppDelegate.h; sourceTree = "<group>"; };
		8459B6001F4EA35800CEAE67 /* AppDelegate.m */ = {isa = PBXFileReference; lastKnownFileType = sourcecode.c.objc; path = AppDelegate.m; sourceTree = "<group>"; };
		8459B6021F4EA35800CEAE67 /* ViewController.h */ = {isa = PBXFileReference; lastKnownFileType = sourcecode.c.h; path = ViewController.h; sourceTree = "<group>"; };
		8459B6031F4EA35800CEAE67 /* ViewController.m */ = {isa = PBXFileReference; lastKnownFileType = sourcecode.c.objc; path = ViewController.m; sourceTree = "<group>"; wrapsLines = 1; };
		8459B6061F4EA35900CEAE67 /* Base */ = {isa = PBXFileReference; lastKnownFileType = file.storyboard; name = Base; path = Base.lproj/Main.storyboard; sourceTree = "<group>"; };
		8459B6081F4EA35900CEAE67 /* Assets.xcassets */ = {isa = PBXFileReference; lastKnownFileType = folder.assetcatalog; path = Assets.xcassets; sourceTree = "<group>"; };
		8459B60B1F4EA35900CEAE67 /* Base */ = {isa = PBXFileReference; lastKnownFileType = file.storyboard; name = Base; path = Base.lproj/LaunchScreen.storyboard; sourceTree = "<group>"; };
		8459B60D1F4EA35900CEAE67 /* Info.plist */ = {isa = PBXFileReference; lastKnownFileType = text.plist.xml; path = Info.plist; sourceTree = "<group>"; };
		8459B6121F4EA35900CEAE67 /* SlideBarTests.xctest */ = {isa = PBXFileReference; explicitFileType = wrapper.cfbundle; includeInIndex = 0; path = SlideBarTests.xctest; sourceTree = BUILT_PRODUCTS_DIR; };
		8459B6161F4EA35900CEAE67 /* SlideBarTests.m */ = {isa = PBXFileReference; lastKnownFileType = sourcecode.c.objc; path = SlideBarTests.m; sourceTree = "<group>"; };
		8459B6181F4EA35900CEAE67 /* Info.plist */ = {isa = PBXFileReference; lastKnownFileType = text.plist.xml; path = Info.plist; sourceTree = "<group>"; };
		8459B61D1F4EA35900CEAE67 /* SlideBarUITests.xctest */ = {isa = PBXFileReference; explicitFileType = wrapper.cfbundle; includeInIndex = 0; path = SlideBarUITests.xctest; sourceTree = BUILT_PRODUCTS_DIR; };
		8459B6211F4EA35900CEAE67 /* SlideBarUITests.m */ = {isa = PBXFileReference; lastKnownFileType = sourcecode.c.objc; path = SlideBarUITests.m; sourceTree = "<group>"; };
		8459B6231F4EA35900CEAE67 /* Info.plist */ = {isa = PBXFileReference; lastKnownFileType = text.plist.xml; path = Info.plist; sourceTree = "<group>"; };
/* End PBXFileReference section */

/* Begin PBXFrameworksBuildPhase section */
		8459B5F61F4EA35800CEAE67 /* Frameworks */ = {
			isa = PBXFrameworksBuildPhase;
			buildActionMask = 2147483647;
			files = (
			);
			runOnlyForDeploymentPostprocessing = 0;
		};
		8459B60F1F4EA35900CEAE67 /* Frameworks */ = {
			isa = PBXFrameworksBuildPhase;
			buildActionMask = 2147483647;
			files = (
			);
			runOnlyForDeploymentPostprocessing = 0;
		};
		8459B61A1F4EA35900CEAE67 /* Frameworks */ = {
			isa = PBXFrameworksBuildPhase;
			buildActionMask = 2147483647;
			files = (
			);
			runOnlyForDeploymentPostprocessing = 0;
		};
/* End PBXFrameworksBuildPhase section */

/* Begin PBXGroup section */
		8459648A1F565FD000546D54 /* DBSliderButtomView */ = {
			isa = PBXGroup;
			children = (
				8459648B1F565FD000546D54 /* SEFilterControl.h */,
				8459648C1F565FD000546D54 /* SEFilterControl.m */,
			);
			path = DBSliderButtomView;
			sourceTree = "<group>";
		};
		8459B5F01F4EA35800CEAE67 = {
			isa = PBXGroup;
			children = (
				8459B5FB1F4EA35800CEAE67 /* SlideBar */,
				8459B6151F4EA35900CEAE67 /* SlideBarTests */,
				8459B6201F4EA35900CEAE67 /* SlideBarUITests */,
				8459B5FA1F4EA35800CEAE67 /* Products */,
			);
			sourceTree = "<group>";
		};
		8459B5FA1F4EA35800CEAE67 /* Products */ = {
			isa = PBXGroup;
			children = (
				8459B5F91F4EA35800CEAE67 /* SlideBar.app */,
				8459B6121F4EA35900CEAE67 /* SlideBarTests.xctest */,
				8459B61D1F4EA35900CEAE67 /* SlideBarUITests.xctest */,
			);
			name = Products;
			sourceTree = "<group>";
		};
		8459B5FB1F4EA35800CEAE67 /* SlideBar */ = {
			isa = PBXGroup;
			children = (
				8459648A1F565FD000546D54 /* DBSliderButtomView */,
				8459B5FF1F4EA35800CEAE67 /* AppDelegate.h */,
				8459B6001F4EA35800CEAE67 /* AppDelegate.m */,
				8459B6021F4EA35800CEAE67 /* ViewController.h */,
				8459B6031F4EA35800CEAE67 /* ViewController.m */,
				845964911F56607E00546D54 /* timg-2.jpeg */,
				8459B6051F4EA35900CEAE67 /* Main.storyboard */,
				8459B6081F4EA35900CEAE67 /* Assets.xcassets */,
				8459B60A1F4EA35900CEAE67 /* LaunchScreen.storyboard */,
				8459B60D1F4EA35900CEAE67 /* Info.plist */,
				8459B5FC1F4EA35800CEAE67 /* Supporting Files */,
			);
			path = SlideBar;
			sourceTree = "<group>";
		};
		8459B5FC1F4EA35800CEAE67 /* Supporting Files */ = {
			isa = PBXGroup;
			children = (
				8459B5FD1F4EA35800CEAE67 /* main.m */,
			);
			name = "Supporting Files";
			sourceTree = "<group>";
		};
		8459B6151F4EA35900CEAE67 /* SlideBarTests */ = {
			isa = PBXGroup;
			children = (
				8459B6161F4EA35900CEAE67 /* SlideBarTests.m */,
				8459B6181F4EA35900CEAE67 /* Info.plist */,
			);
			path = SlideBarTests;
			sourceTree = "<group>";
		};
		8459B6201F4EA35900CEAE67 /* SlideBarUITests */ = {
			isa = PBXGroup;
			children = (
				8459B6211F4EA35900CEAE67 /* SlideBarUITests.m */,
				8459B6231F4EA35900CEAE67 /* Info.plist */,
			);
			path = SlideBarUITests;
			sourceTree = "<group>";
		};
/* End PBXGroup section */

/* Begin PBXNativeTarget section */
		8459B5F81F4EA35800CEAE67 /* SlideBar */ = {
			isa = PBXNativeTarget;
			buildConfigurationList = 8459B6261F4EA35900CEAE67 /* Build configuration list for PBXNativeTarget "SlideBar" */;
			buildPhases = (
				8459B5F51F4EA35800CEAE67 /* Sources */,
				8459B5F61F4EA35800CEAE67 /* Frameworks */,
				8459B5F71F4EA35800CEAE67 /* Resources */,
			);
			buildRules = (
			);
			dependencies = (
			);
			name = SlideBar;
			productName = SlideBar;
			productReference = 8459B5F91F4EA35800CEAE67 /* SlideBar.app */;
			productType = "com.apple.product-type.application";
		};
		8459B6111F4EA35900CEAE67 /* SlideBarTests */ = {
			isa = PBXNativeTarget;
			buildConfigurationList = 8459B6291F4EA35900CEAE67 /* Build configuration list for PBXNativeTarget "SlideBarTests" */;
			buildPhases = (
				8459B60E1F4EA35900CEAE67 /* Sources */,
				8459B60F1F4EA35900CEAE67 /* Frameworks */,
				8459B6101F4EA35900CEAE67 /* Resources */,
			);
			buildRules = (
			);
			dependencies = (
				8459B6141F4EA35900CEAE67 /* PBXTargetDependency */,
			);
			name = SlideBarTests;
			productName = SlideBarTests;
			productReference = 8459B6121F4EA35900CEAE67 /* SlideBarTests.xctest */;
			productType = "com.apple.product-type.bundle.unit-test";
		};
		8459B61C1F4EA35900CEAE67 /* SlideBarUITests */ = {
			isa = PBXNativeTarget;
			buildConfigurationList = 8459B62C1F4EA35900CEAE67 /* Build configuration list for PBXNativeTarget "SlideBarUITests" */;
			buildPhases = (
				8459B6191F4EA35900CEAE67 /* Sources */,
				8459B61A1F4EA35900CEAE67 /* Frameworks */,
				8459B61B1F4EA35900CEAE67 /* Resources */,
			);
			buildRules = (
			);
			dependencies = (
				8459B61F1F4EA35900CEAE67 /* PBXTargetDependency */,
			);
			name = SlideBarUITests;
			productName = SlideBarUITests;
			productReference = 8459B61D1F4EA35900CEAE67 /* SlideBarUITests.xctest */;
			productType = "com.apple.product-type.bundle.ui-testing";
		};
/* End PBXNativeTarget section */

/* Begin PBXProject section */
		8459B5F11F4EA35800CEAE67 /* Project object */ = {
			isa = PBXProject;
			attributes = {
				LastUpgradeCheck = 0830;
				ORGANIZATIONNAME = "邵朋磊";
				TargetAttributes = {
					8459B5F81F4EA35800CEAE67 = {
						CreatedOnToolsVersion = 8.3.3;
						DevelopmentTeam = RQTR9D2HD3;
						ProvisioningStyle = Automatic;
					};
					8459B6111F4EA35900CEAE67 = {
						CreatedOnToolsVersion = 8.3.3;
						DevelopmentTeam = RQTR9D2HD3;
						ProvisioningStyle = Automatic;
						TestTargetID = 8459B5F81F4EA35800CEAE67;
					};
					8459B61C1F4EA35900CEAE67 = {
						CreatedOnToolsVersion = 8.3.3;
						DevelopmentTeam = RQTR9D2HD3;
						ProvisioningStyle = Automatic;
						TestTargetID = 8459B5F81F4EA35800CEAE67;
					};
				};
			};
			buildConfigurationList = 8459B5F41F4EA35800CEAE67 /* Build configuration list for PBXProject "SlideBar" */;
			compatibilityVersion = "Xcode 3.2";
			developmentRegion = English;
			hasScannedForEncodings = 0;
			knownRegions = (
				en,
				Base,
			);
			mainGroup = 8459B5F01F4EA35800CEAE67;
			productRefGroup = 8459B5FA1F4EA35800CEAE67 /* Products */;
			projectDirPath = "";
			projectRoot = "";
			targets = (
				8459B5F81F4EA35800CEAE67 /* SlideBar */,
				8459B6111F4EA35900CEAE67 /* SlideBarTests */,
				8459B61C1F4EA35900CEAE67 /* SlideBarUITests */,
			);
		};
/* End PBXProject section */

/* Begin PBXResourcesBuildPhase section */
		8459B5F71F4EA35800CEAE67 /* Resources */ = {
			isa = PBXResourcesBuildPhase;
			buildActionMask = 2147483647;
			files = (
				8459B60C1F4EA35900CEAE67 /* LaunchScreen.storyboard in Resources */,
				8459B6091F4EA35900CEAE67 /* Assets.xcassets in Resources */,
				8459B6071F4EA35900CEAE67 /* Main.storyboard in Resources */,
				845964921F56607E00546D54 /* timg-2.jpeg in Resources */,
			);
			runOnlyForDeploymentPostprocessing = 0;
		};
		8459B6101F4EA35900CEAE67 /* Resources */ = {
			isa = PBXResourcesBuildPhase;
			buildActionMask = 2147483647;
			files = (
			);
			runOnlyForDeploymentPostprocessing = 0;
		};
		8459B61B1F4EA35900CEAE67 /* Resources */ = {
			isa = PBXResourcesBuildPhase;
			buildActionMask = 2147483647;
			files = (
			);
			runOnlyForDeploymentPostprocessing = 0;
		};
/* End PBXResourcesBuildPhase section */

/* Begin PBXSourcesBuildPhase section */
		8459B5F51F4EA35800CEAE67 /* Sources */ = {
			isa = PBXSourcesBuildPhase;
			buildActionMask = 2147483647;
			files = (
				8459B6041F4EA35800CEAE67 /* ViewController.m in Sources */,
				8459648F1F565FD000546D54 /* SEFilterControl.m in Sources */,
				8459B6011F4EA35800CEAE67 /* AppDelegate.m in Sources */,
				8459B5FE1F4EA35800CEAE67 /* main.m in Sources */,
			);
			runOnlyForDeploymentPostprocessing = 0;
		};
		8459B60E1F4EA35900CEAE67 /* Sources */ = {
			isa = PBXSourcesBuildPhase;
			buildActionMask = 2147483647;
			files = (
				8459B6171F4EA35900CEAE67 /* SlideBarTests.m in Sources */,
			);
			runOnlyForDeploymentPostprocessing = 0;
		};
		8459B6191F4EA35900CEAE67 /* Sources */ = {
			isa = PBXSourcesBuildPhase;
			buildActionMask = 2147483647;
			files = (
				8459B6221F4EA35900CEAE67 /* SlideBarUITests.m in Sources */,
			);
			runOnlyForDeploymentPostprocessing = 0;
		};
/* End PBXSourcesBuildPhase section */

/* Begin PBXTargetDependency section */
		8459B6141F4EA35900CEAE67 /* PBXTargetDependency */ = {
			isa = PBXTargetDependency;
			target = 8459B5F81F4EA35800CEAE67 /* SlideBar */;
			targetProxy = 8459B6131F4EA35900CEAE67 /* PBXContainerItemProxy */;
		};
		8459B61F1F4EA35900CEAE67 /* PBXTargetDependency */ = {
			isa = PBXTargetDependency;
			target = 8459B5F81F4EA35800CEAE67 /* SlideBar */;
			targetProxy = 8459B61E1F4EA35900CEAE67 /* PBXContainerItemProxy */;
		};
/* End PBXTargetDependency section */

/* Begin PBXVariantGroup section */
		8459B6051F4EA35900CEAE67 /* Main.storyboard */ = {
			isa = PBXVariantGroup;
			children = (
				8459B6061F4EA35900CEAE67 /* Base */,
			);
			name = Main.storyboard;
			sourceTree = "<group>";
		};
		8459B60A1F4EA35900CEAE67 /* LaunchScreen.storyboard */ = {
			isa = PBXVariantGroup;
			children = (
				8459B60B1F4EA35900CEAE67 /* Base */,
			);
			name = LaunchScreen.storyboard;
			sourceTree = "<group>";
		};
/* End PBXVariantGroup section */

/* Begin XCBuildConfiguration section */
		8459B6241F4EA35900CEAE67 /* Debug */ = {
			isa = XCBuildConfiguration;
			buildSettings = {
				ALWAYS_SEARCH_USER_PATHS = NO;
				CLANG_ANALYZER_NONNULL = YES;
				CLANG_ANALYZER_NUMBER_OBJECT_CONVERSION = YES_AGGRESSIVE;
				CLANG_CXX_LANGUAGE_STANDARD = "gnu++0x";
				CLANG_CXX_LIBRARY = "libc++";
				CLANG_ENABLE_MODULES = YES;
				CLANG_ENABLE_OBJC_ARC = YES;
				CLANG_WARN_BOOL_CONVERSION = YES;
				CLANG_WARN_CONSTANT_CONVERSION = YES;
				CLANG_WARN_DIRECT_OBJC_ISA_USAGE = YES_ERROR;
				CLANG_WARN_DOCUMENTATION_COMMENTS = YES;
				CLANG_WARN_EMPTY_BODY = YES;
				CLANG_WARN_ENUM_CONVERSION = YES;
				CLANG_WARN_INFINITE_RECURSION = YES;
				CLANG_WARN_INT_CONVERSION = YES;
				CLANG_WARN_OBJC_ROOT_CLASS = YES_ERROR;
				CLANG_WARN_SUSPICIOUS_MOVE = YES;
				CLANG_WARN_UNREACHABLE_CODE = YES;
				CLANG_WARN__DUPLICATE_METHOD_MATCH = YES;
				"CODE_SIGN_IDENTITY[sdk=iphoneos*]" = "iPhone Developer";
				COPY_PHASE_STRIP = NO;
				DEBUG_INFORMATION_FORMAT = dwarf;
				ENABLE_STRICT_OBJC_MSGSEND = YES;
				ENABLE_TESTABILITY = YES;
				GCC_C_LANGUAGE_STANDARD = gnu99;
				GCC_DYNAMIC_NO_PIC = NO;
				GCC_NO_COMMON_BLOCKS = YES;
				GCC_OPTIMIZATION_LEVEL = 0;
				GCC_PREPROCESSOR_DEFINITIONS = (
					"DEBUG=1",
					"$(inherited)",
				);
				GCC_WARN_64_TO_32_BIT_CONVERSION = YES;
				GCC_WARN_ABOUT_RETURN_TYPE = YES_ERROR;
				GCC_WARN_UNDECLARED_SELECTOR = YES;
				GCC_WARN_UNINITIALIZED_AUTOS = YES_AGGRESSIVE;
				GCC_WARN_UNUSED_FUNCTION = YES;
				GCC_WARN_UNUSED_VARIABLE = YES;
				IPHONEOS_DEPLOYMENT_TARGET = 10.3;
				MTL_ENABLE_DEBUG_INFO = YES;
				ONLY_ACTIVE_ARCH = YES;
				SDKROOT = iphoneos;
				TARGETED_DEVICE_FAMILY = "1,2";
			};
			name = Debug;
		};
		8459B6251F4EA35900CEAE67 /* Release */ = {
			isa = XCBuildConfiguration;
			buildSettings = {
				ALWAYS_SEARCH_USER_PATHS = NO;
				CLANG_ANALYZER_NONNULL = YES;
				CLANG_ANALYZER_NUMBER_OBJECT_CONVERSION = YES_AGGRESSIVE;
				CLANG_CXX_LANGUAGE_STANDARD = "gnu++0x";
				CLANG_CXX_LIBRARY = "libc++";
				CLANG_ENABLE_MODULES = YES;
				CLANG_ENABLE_OBJC_ARC = YES;
				CLANG_WARN_BOOL_CONVERSION = YES;
				CLANG_WARN_CONSTANT_CONVERSION = YES;
				CLANG_WARN_DIRECT_OBJC_ISA_USAGE = YES_ERROR;
				CLANG_WARN_DOCUMENTATION_COMMENTS = YES;
				CLANG_WARN_EMPTY_BODY = YES;
				CLANG_WARN_ENUM_CONVERSION = YES;
				CLANG_WARN_INFINITE_RECURSION = YES;
				CLANG_WARN_INT_CONVERSION = YES;
				CLANG_WARN_OBJC_ROOT_CLASS = YES_ERROR;
				CLANG_WARN_SUSPICIOUS_MOVE = YES;
				CLANG_WARN_UNREACHABLE_CODE = YES;
				CLANG_WARN__DUPLICATE_METHOD_MATCH = YES;
				"CODE_SIGN_IDENTITY[sdk=iphoneos*]" = "iPhone Developer";
				COPY_PHASE_STRIP = NO;
				DEBUG_INFORMATION_FORMAT = "dwarf-with-dsym";
				ENABLE_NS_ASSERTIONS = NO;
				ENABLE_STRICT_OBJC_MSGSEND = YES;
				GCC_C_LANGUAGE_STANDARD = gnu99;
				GCC_NO_COMMON_BLOCKS = YES;
				GCC_WARN_64_TO_32_BIT_CONVERSION = YES;
				GCC_WARN_ABOUT_RETURN_TYPE = YES_ERROR;
				GCC_WARN_UNDECLARED_SELECTOR = YES;
				GCC_WARN_UNINITIALIZED_AUTOS = YES_AGGRESSIVE;
				GCC_WARN_UNUSED_FUNCTION = YES;
				GCC_WARN_UNUSED_VARIABLE = YES;
				IPHONEOS_DEPLOYMENT_TARGET = 10.3;
				MTL_ENABLE_DEBUG_INFO = NO;
				SDKROOT = iphoneos;
				TARGETED_DEVICE_FAMILY = "1,2";
				VALIDATE_PRODUCT = YES;
			};
			name = Release;
		};
		8459B6271F4EA35900CEAE67 /* Debug */ = {
			isa = XCBuildConfiguration;
			buildSettings = {
				ASSETCATALOG_COMPILER_APPICON_NAME = AppIcon;
				DEVELOPMENT_TEAM = RQTR9D2HD3;
				INFOPLIST_FILE = SlideBar/Info.plist;
				LD_RUNPATH_SEARCH_PATHS = "$(inherited) @executable_path/Frameworks";
				PRODUCT_BUNDLE_IDENTIFIER = com.spl.SlideBar;
				PRODUCT_NAME = "$(TARGET_NAME)";
			};
			name = Debug;
		};
		8459B6281F4EA35900CEAE67 /* Release */ = {
			isa = XCBuildConfiguration;
			buildSettings = {
				ASSETCATALOG_COMPILER_APPICON_NAME = AppIcon;
				DEVELOPMENT_TEAM = RQTR9D2HD3;
				INFOPLIST_FILE = SlideBar/Info.plist;
				LD_RUNPATH_SEARCH_PATHS = "$(inherited) @executable_path/Frameworks";
				PRODUCT_BUNDLE_IDENTIFIER = com.spl.SlideBar;
				PRODUCT_NAME = "$(TARGET_NAME)";
			};
			name = Release;
		};
		8459B62A1F4EA35900CEAE67 /* Debug */ = {
			isa = XCBuildConfiguration;
			buildSettings = {
				BUNDLE_LOADER = "$(TEST_HOST)";
				DEVELOPMENT_TEAM = RQTR9D2HD3;
				INFOPLIST_FILE = SlideBarTests/Info.plist;
				LD_RUNPATH_SEARCH_PATHS = "$(inherited) @executable_path/Frameworks @loader_path/Frameworks";
				PRODUCT_BUNDLE_IDENTIFIER = com.spl.SlideBarTests;
				PRODUCT_NAME = "$(TARGET_NAME)";
				TEST_HOST = "$(BUILT_PRODUCTS_DIR)/SlideBar.app/SlideBar";
			};
			name = Debug;
		};
		8459B62B1F4EA35900CEAE67 /* Release */ = {
			isa = XCBuildConfiguration;
			buildSettings = {
				BUNDLE_LOADER = "$(TEST_HOST)";
				DEVELOPMENT_TEAM = RQTR9D2HD3;
				INFOPLIST_FILE = SlideBarTests/Info.plist;
				LD_RUNPATH_SEARCH_PATHS = "$(inherited) @executable_path/Frameworks @loader_path/Frameworks";
				PRODUCT_BUNDLE_IDENTIFIER = com.spl.SlideBarTests;
				PRODUCT_NAME = "$(TARGET_NAME)";
				TEST_HOST = "$(BUILT_PRODUCTS_DIR)/SlideBar.app/SlideBar";
			};
			name = Release;
		};
		8459B62D1F4EA35900CEAE67 /* Debug */ = {
			isa = XCBuildConfiguration;
			buildSettings = {
				DEVELOPMENT_TEAM = RQTR9D2HD3;
				INFOPLIST_FILE = SlideBarUITests/Info.plist;
				LD_RUNPATH_SEARCH_PATHS = "$(inherited) @executable_path/Frameworks @loader_path/Frameworks";
				PRODUCT_BUNDLE_IDENTIFIER = com.spl.SlideBarUITests;
				PRODUCT_NAME = "$(TARGET_NAME)";
				TEST_TARGET_NAME = SlideBar;
			};
			name = Debug;
		};
		8459B62E1F4EA35900CEAE67 /* Release */ = {
			isa = XCBuildConfiguration;
			buildSettings = {
				DEVELOPMENT_TEAM = RQTR9D2HD3;
				INFOPLIST_FILE = SlideBarUITests/Info.plist;
				LD_RUNPATH_SEARCH_PATHS = "$(inherited) @executable_path/Frameworks @loader_path/Frameworks";
				PRODUCT_BUNDLE_IDENTIFIER = com.spl.SlideBarUITests;
				PRODUCT_NAME = "$(TARGET_NAME)";
				TEST_TARGET_NAME = SlideBar;
			};
			name = Release;
		};
/* End XCBuildConfiguration section */

/* Begin XCConfigurationList section */
		8459B5F41F4EA35800CEAE67 /* Build configuration list for PBXProject "SlideBar" */ = {
			isa = XCConfigurationList;
			buildConfigurations = (
				8459B6241F4EA35900CEAE67 /* Debug */,
				8459B6251F4EA35900CEAE67 /* Release */,
			);
			defaultConfigurationIsVisible = 0;
			defaultConfigurationName = Release;
		};
		8459B6261F4EA35900CEAE67 /* Build configuration list for PBXNativeTarget "SlideBar" */ = {
			isa = XCConfigurationList;
			buildConfigurations = (
				8459B6271F4EA35900CEAE67 /* Debug */,
				8459B6281F4EA35900CEAE67 /* Release */,
			);
			defaultConfigurationIsVisible = 0;
			defaultConfigurationName = Release;
		};
		8459B6291F4EA35900CEAE67 /* Build configuration list for PBXNativeTarget "SlideBarTests" */ = {
			isa = XCConfigurationList;
			buildConfigurations = (
				8459B62A1F4EA35900CEAE67 /* Debug */,
				8459B62B1F4EA35900CEAE67 /* Release */,
			);
			defaultConfigurationIsVisible = 0;
			defaultConfigurationName = Release;
		};
		8459B62C1F4EA35900CEAE67 /* Build configuration list for PBXNativeTarget "SlideBarUITests" */ = {
			isa = XCConfigurationList;
			buildConfigurations = (
				8459B62D1F4EA35900CEAE67 /* Debug */,
				8459B62E1F4EA35900CEAE67 /* Release */,
			);
			defaultConfigurationIsVisible = 0;
			defaultConfigurationName = Release;
		};
/* End XCConfigurationList section */
	};
	rootObject = 8459B5F11F4EA35800CEAE67 /* Project object */;
}
